
Microsoft Visual Studio Solution File, Format Version 12.00
# Visual Studio Version 16
VisualStudioVersion = 16.0.30717.126
MinimumVisualStudioVersion = 10.0.40219.1
Project("{D2ABAB84-BF74-430A-B69E-9DC6D40DDA17}") = "DS2_SSAS", "DS2_SSAS\DS2_SSAS.dwproj", "{64689059-F529-4980-BE0A-2C069D197233}"
EndProject
Global
	GlobalSection(SolutionConfigurationPlatforms) = preSolution
		Development|Default = Development|Default
	EndGlobalSection
	GlobalSection(ProjectConfigurationPlatforms) = postSolution
		{64689059-F529-4980-BE0A-2C069D197233}.Development|Default.ActiveCfg = Development
		{64689059-F529-4980-BE0A-2C069D197233}.Development|Default.Build.0 = Development
		{64689059-F529-4980-BE0A-2C069D197233}.Development|Default.Deploy.0 = Development
	EndGlobalSection
	GlobalSection(SolutionProperties) = preSolution
		HideSolutionNode = FALSE
	EndGlobalSection
	GlobalSection(ExtensibilityGlobals) = postSolution
		SolutionGuid = {1B3AA8EC-FC2A-421D-8AB9-712901FD75F6}
	EndGlobalSection
EndGlobal
